
Microsoft Visual Studio Solution File, Format Version 12.00
# Visual Studio Version 17
VisualStudioVersion = 17.4.33205.214
MinimumVisualStudioVersion = 10.0.40219.1
Project("{FAE04EC0-301F-11D3-BF4B-00C04F79EFBC}") = "Project_Automacao_Robot", "Project_Automacao_Robot\Project_Automacao_Robot.csproj", "{21742BC7-6BB9-4478-AF30-485DBC0306BD}"
EndProject
Global
	GlobalSection(SolutionConfigurationPlatforms) = preSolution
		Debug|Any CPU = Debug|Any CPU
		Release|Any CPU = Release|Any CPU
	EndGlobalSection
	GlobalSection(ProjectConfigurationPlatforms) = postSolution
		{21742BC7-6BB9-4478-AF30-485DBC0306BD}.Debug|Any CPU.ActiveCfg = Debug|Any CPU
		{21742BC7-6BB9-4478-AF30-485DBC0306BD}.Debug|Any CPU.Build.0 = Debug|Any CPU
		{21742BC7-6BB9-4478-AF30-485DBC0306BD}.Release|Any CPU.ActiveCfg = Release|Any CPU
		{21742BC7-6BB9-4478-AF30-485DBC0306BD}.Release|Any CPU.Build.0 = Release|Any CPU
	EndGlobalSection
	GlobalSection(SolutionProperties) = preSolution
		HideSolutionNode = FALSE
	EndGlobalSection
	GlobalSection(ExtensibilityGlobals) = postSolution
		SolutionGuid = {B02618A8-BBD9-486E-BD19-18B58FB537BA}
	EndGlobalSection
EndGlobal
